
Microsoft Visual Studio Solution File, Format Version 12.00
# Visual Studio Version 16
VisualStudioVersion = 16.0.31702.278
MinimumVisualStudioVersion = 10.0.40219.1
Project("{9A19103F-16F7-4668-BE54-9A1E7A4F7556}") = "Threads HW", "Threads HW\Threads HW.csproj", "{3F8D49CC-70B5-4A9E-A6DA-CB18E38539F0}"
EndProject
Project("{FAE04EC0-301F-11D3-BF4B-00C04F79EFBC}") = "Search Files", "Search Files\Search Files.csproj", "{22DCF344-6899-4484-80B2-8907944606DF}"
EndProject
Global
	GlobalSection(SolutionConfigurationPlatforms) = preSolution
		Debug|Any CPU = Debug|Any CPU
		Release|Any CPU = Release|Any CPU
	EndGlobalSection
	GlobalSection(ProjectConfigurationPlatforms) = postSolution
		{3F8D49CC-70B5-4A9E-A6DA-CB18E38539F0}.Debug|Any CPU.ActiveCfg = Debug|Any CPU
		{3F8D49CC-70B5-4A9E-A6DA-CB18E38539F0}.Debug|Any CPU.Build.0 = Debug|Any CPU
		{3F8D49CC-70B5-4A9E-A6DA-CB18E38539F0}.Release|Any CPU.ActiveCfg = Release|Any CPU
		{3F8D49CC-70B5-4A9E-A6DA-CB18E38539F0}.Release|Any CPU.Build.0 = Release|Any CPU
		{22DCF344-6899-4484-80B2-8907944606DF}.Debug|Any CPU.ActiveCfg = Debug|Any CPU
		{22DCF344-6899-4484-80B2-8907944606DF}.Debug|Any CPU.Build.0 = Debug|Any CPU
		{22DCF344-6899-4484-80B2-8907944606DF}.Release|Any CPU.ActiveCfg = Release|Any CPU
		{22DCF344-6899-4484-80B2-8907944606DF}.Release|Any CPU.Build.0 = Release|Any CPU
	EndGlobalSection
	GlobalSection(SolutionProperties) = preSolution
		HideSolutionNode = FALSE
	EndGlobalSection
	GlobalSection(ExtensibilityGlobals) = postSolution
		SolutionGuid = {F6F6DD73-E059-46E1-B3A2-11113D404D52}
	EndGlobalSection
EndGlobal
